
Microsoft Visual Studio Solution File, Format Version 12.00
# Visual Studio Version 16
VisualStudioVersion = 16.0.29911.84
MinimumVisualStudioVersion = 10.0.40219.1
Project("{FAE04EC0-301F-11D3-BF4B-00C04F79EFBC}") = "COVID19API", "COVID19API\COVID19API.csproj", "{773F312D-2474-49FA-9565-B7EDD3F78D26}"
EndProject
Global
	GlobalSection(SolutionConfigurationPlatforms) = preSolution
		Debug|Any CPU = Debug|Any CPU
		Release|Any CPU = Release|Any CPU
	EndGlobalSection
	GlobalSection(ProjectConfigurationPlatforms) = postSolution
		{773F312D-2474-49FA-9565-B7EDD3F78D26}.Debug|Any CPU.ActiveCfg = Debug|Any CPU
		{773F312D-2474-49FA-9565-B7EDD3F78D26}.Debug|Any CPU.Build.0 = Debug|Any CPU
		{773F312D-2474-49FA-9565-B7EDD3F78D26}.Release|Any CPU.ActiveCfg = Release|Any CPU
		{773F312D-2474-49FA-9565-B7EDD3F78D26}.Release|Any CPU.Build.0 = Release|Any CPU
	EndGlobalSection
	GlobalSection(SolutionProperties) = preSolution
		HideSolutionNode = FALSE
	EndGlobalSection
	GlobalSection(ExtensibilityGlobals) = postSolution
		SolutionGuid = {92A90ED3-C101-4410-A7F9-280F40E9FC2D}
	EndGlobalSection
EndGlobal
